<?xml version="1.0" encoding="UTF-8" standalone="yes" ?>
<CodeBlocks_project_file>
   <FileVersion major="1" minor="6" />
   <Project>
      <Option title="NaTools" />
      <Option makefile_is_custom="1" />
      <Option compiler="gcc" />
      <Option virtualFolders="CMake Files\;CMake Files\Matrix.041\;CMake Files\NeuArch\;CMake Files\NaTools\;CMake Files\dtools\;CMake Files\dcsloop\;CMake Files\dplantid\;CMake Files\dcontrp\;CMake Files\dcontrf\;CMake Files\noc_labs\;" />
      <Build>
      <Target title="all">
         <Option working_dir="D:/repos/nnacs/NaTools" />
         <Option type="4" />
         <MakeCommands>
            <Build command="C:/PROGRA~1/CODEBL~1/MinGW/bin/mingw32-make.exe -f &quot;D:/repos/nnacs/NaTools/Makefile&quot;  VERBOSE=1 all" />
            <CompileFile command="C:/PROGRA~1/CODEBL~1/MinGW/bin/mingw32-make.exe -f &quot;D:/repos/nnacs/NaTools/Makefile&quot;  VERBOSE=1 &quot;$file&quot;" />
            <Clean command="C:/PROGRA~1/CODEBL~1/MinGW/bin/mingw32-make.exe -f &quot;D:/repos/nnacs/NaTools/Makefile&quot;  VERBOSE=1 clean" />
            <DistClean command="C:/PROGRA~1/CODEBL~1/MinGW/bin/mingw32-make.exe -f &quot;D:/repos/nnacs/NaTools/Makefile&quot;  VERBOSE=1 clean" />
         </MakeCommands>
      </Target>
      <Target title="Distr1D">
         <Option output="D:/repos/nnacs/NaTools/Distr1D.exe" prefix_auto="0" extension_auto="0" />
         <Option working_dir="D:/repos/nnacs/NaTools" />
         <Option object_output="./" />
         <Option type="1" />
         <Option compiler="gcc" />
         <Compiler>
            <Add directory="D:/repos/nnacs/NaTools/." />
            <Add directory="D:/repos/nnacs/NaTools/../Matrix.041" />
            <Add directory="D:/repos/nnacs/NaTools/../NeuArch" />
            <Add directory="c:\program files\codeblocks\mingw\bin\../lib/gcc/mingw32/4.7.1/../../../../include" />
            <Add directory="c:\program files\codeblocks\mingw\bin\../lib/gcc/mingw32/4.7.1/include" />
            <Add directory="c:\program files\codeblocks\mingw\bin\../lib/gcc/mingw32/4.7.1/include-fixed" />
            <Add directory="c:\program files\codeblocks\mingw\bin\../lib/gcc/mingw32/4.7.1/include/c++" />
            <Add directory="c:\program files\codeblocks\mingw\bin\../lib/gcc/mingw32/4.7.1/include/c++/backward" />
            <Add directory="c:\program files\codeblocks\mingw\bin\../lib/gcc/mingw32/4.7.1/include/c++/mingw32" />
         </Compiler>
         <MakeCommands>
            <Build command="C:/PROGRA~1/CODEBL~1/MinGW/bin/mingw32-make.exe -f &quot;D:/repos/nnacs/NaTools/Makefile&quot;  VERBOSE=1 Distr1D" />
            <CompileFile command="C:/PROGRA~1/CODEBL~1/MinGW/bin/mingw32-make.exe -f &quot;D:/repos/nnacs/NaTools/Makefile&quot;  VERBOSE=1 &quot;$file&quot;" />
            <Clean command="C:/PROGRA~1/CODEBL~1/MinGW/bin/mingw32-make.exe -f &quot;D:/repos/nnacs/NaTools/Makefile&quot;  VERBOSE=1 clean" />
            <DistClean command="C:/PROGRA~1/CODEBL~1/MinGW/bin/mingw32-make.exe -f &quot;D:/repos/nnacs/NaTools/Makefile&quot;  VERBOSE=1 clean" />
         </MakeCommands>
      </Target>
      <Target title="Distr1D/fast">
         <Option output="D:/repos/nnacs/NaTools/Distr1D.exe" prefix_auto="0" extension_auto="0" />
         <Option working_dir="D:/repos/nnacs/NaTools" />
         <Option object_output="./" />
         <Option type="1" />
         <Option compiler="gcc" />
         <Compiler>
            <Add directory="D:/repos/nnacs/NaTools/." />
            <Add directory="D:/repos/nnacs/NaTools/../Matrix.041" />
            <Add directory="D:/repos/nnacs/NaTools/../NeuArch" />
            <Add directory="c:\program files\codeblocks\mingw\bin\../lib/gcc/mingw32/4.7.1/../../../../include" />
            <Add directory="c:\program files\codeblocks\mingw\bin\../lib/gcc/mingw32/4.7.1/include" />
            <Add directory="c:\program files\codeblocks\mingw\bin\../lib/gcc/mingw32/4.7.1/include-fixed" />
            <Add directory="c:\program files\codeblocks\mingw\bin\../lib/gcc/mingw32/4.7.1/include/c++" />
            <Add directory="c:\program files\codeblocks\mingw\bin\../lib/gcc/mingw32/4.7.1/include/c++/backward" />
            <Add directory="c:\program files\codeblocks\mingw\bin\../lib/gcc/mingw32/4.7.1/include/c++/mingw32" />
         </Compiler>
         <MakeCommands>
            <Build command="C:/PROGRA~1/CODEBL~1/MinGW/bin/mingw32-make.exe -f &quot;D:/repos/nnacs/NaTools/Makefile&quot;  VERBOSE=1 Distr1D/fast" />
            <CompileFile command="C:/PROGRA~1/CODEBL~1/MinGW/bin/mingw32-make.exe -f &quot;D:/repos/nnacs/NaTools/Makefile&quot;  VERBOSE=1 &quot;$file&quot;" />
            <Clean command="C:/PROGRA~1/CODEBL~1/MinGW/bin/mingw32-make.exe -f &quot;D:/repos/nnacs/NaTools/Makefile&quot;  VERBOSE=1 clean" />
            <DistClean command="C:/PROGRA~1/CODEBL~1/MinGW/bin/mingw32-make.exe -f &quot;D:/repos/nnacs/NaTools/Makefile&quot;  VERBOSE=1 clean" />
         </MakeCommands>
      </Target>
      <Target title="Distr2D">
         <Option output="D:/repos/nnacs/NaTools/Distr2D.exe" prefix_auto="0" extension_auto="0" />
         <Option working_dir="D:/repos/nnacs/NaTools" />
         <Option object_output="./" />
         <Option type="1" />
         <Option compiler="gcc" />
         <Compiler>
            <Add directory="D:/repos/nnacs/NaTools/." />
            <Add directory="D:/repos/nnacs/NaTools/../Matrix.041" />
            <Add directory="D:/repos/nnacs/NaTools/../NeuArch" />
            <Add directory="c:\program files\codeblocks\mingw\bin\../lib/gcc/mingw32/4.7.1/../../../../include" />
            <Add directory="c:\program files\codeblocks\mingw\bin\../lib/gcc/mingw32/4.7.1/include" />
            <Add directory="c:\program files\codeblocks\mingw\bin\../lib/gcc/mingw32/4.7.1/include-fixed" />
            <Add directory="c:\program files\codeblocks\mingw\bin\../lib/gcc/mingw32/4.7.1/include/c++" />
            <Add directory="c:\program files\codeblocks\mingw\bin\../lib/gcc/mingw32/4.7.1/include/c++/backward" />
            <Add directory="c:\program files\codeblocks\mingw\bin\../lib/gcc/mingw32/4.7.1/include/c++/mingw32" />
         </Compiler>
         <MakeCommands>
            <Build command="C:/PROGRA~1/CODEBL~1/MinGW/bin/mingw32-make.exe -f &quot;D:/repos/nnacs/NaTools/Makefile&quot;  VERBOSE=1 Distr2D" />
            <CompileFile command="C:/PROGRA~1/CODEBL~1/MinGW/bin/mingw32-make.exe -f &quot;D:/repos/nnacs/NaTools/Makefile&quot;  VERBOSE=1 &quot;$file&quot;" />
            <Clean command="C:/PROGRA~1/CODEBL~1/MinGW/bin/mingw32-make.exe -f &quot;D:/repos/nnacs/NaTools/Makefile&quot;  VERBOSE=1 clean" />
            <DistClean command="C:/PROGRA~1/CODEBL~1/MinGW/bin/mingw32-make.exe -f &quot;D:/repos/nnacs/NaTools/Makefile&quot;  VERBOSE=1 clean" />
         </MakeCommands>
      </Target>
      <Target title="Distr2D/fast">
         <Option output="D:/repos/nnacs/NaTools/Distr2D.exe" prefix_auto="0" extension_auto="0" />
         <Option working_dir="D:/repos/nnacs/NaTools" />
         <Option object_output="./" />
         <Option type="1" />
         <Option compiler="gcc" />
         <Compiler>
            <Add directory="D:/repos/nnacs/NaTools/." />
            <Add directory="D:/repos/nnacs/NaTools/../Matrix.041" />
            <Add directory="D:/repos/nnacs/NaTools/../NeuArch" />
            <Add directory="c:\program files\codeblocks\mingw\bin\../lib/gcc/mingw32/4.7.1/../../../../include" />
            <Add directory="c:\program files\codeblocks\mingw\bin\../lib/gcc/mingw32/4.7.1/include" />
            <Add directory="c:\program files\codeblocks\mingw\bin\../lib/gcc/mingw32/4.7.1/include-fixed" />
            <Add directory="c:\program files\codeblocks\mingw\bin\../lib/gcc/mingw32/4.7.1/include/c++" />
            <Add directory="c:\program files\codeblocks\mingw\bin\../lib/gcc/mingw32/4.7.1/include/c++/backward" />
            <Add directory="c:\program files\codeblocks\mingw\bin\../lib/gcc/mingw32/4.7.1/include/c++/mingw32" />
         </Compiler>
         <MakeCommands>
            <Build command="C:/PROGRA~1/CODEBL~1/MinGW/bin/mingw32-make.exe -f &quot;D:/repos/nnacs/NaTools/Makefile&quot;  VERBOSE=1 Distr2D/fast" />
            <CompileFile command="C:/PROGRA~1/CODEBL~1/MinGW/bin/mingw32-make.exe -f &quot;D:/repos/nnacs/NaTools/Makefile&quot;  VERBOSE=1 &quot;$file&quot;" />
            <Clean command="C:/PROGRA~1/CODEBL~1/MinGW/bin/mingw32-make.exe -f &quot;D:/repos/nnacs/NaTools/Makefile&quot;  VERBOSE=1 clean" />
            <DistClean command="C:/PROGRA~1/CODEBL~1/MinGW/bin/mingw32-make.exe -f &quot;D:/repos/nnacs/NaTools/Makefile&quot;  VERBOSE=1 clean" />
         </MakeCommands>
      </Target>
      <Target title="EvalNN">
         <Option output="D:/repos/nnacs/NaTools/EvalNN.exe" prefix_auto="0" extension_auto="0" />
         <Option working_dir="D:/repos/nnacs/NaTools" />
         <Option object_output="./" />
         <Option type="1" />
         <Option compiler="gcc" />
         <Compiler>
            <Add directory="D:/repos/nnacs/NaTools/." />
            <Add directory="D:/repos/nnacs/NaTools/../Matrix.041" />
            <Add directory="D:/repos/nnacs/NaTools/../NeuArch" />
            <Add directory="c:\program files\codeblocks\mingw\bin\../lib/gcc/mingw32/4.7.1/../../../../include" />
            <Add directory="c:\program files\codeblocks\mingw\bin\../lib/gcc/mingw32/4.7.1/include" />
            <Add directory="c:\program files\codeblocks\mingw\bin\../lib/gcc/mingw32/4.7.1/include-fixed" />
            <Add directory="c:\program files\codeblocks\mingw\bin\../lib/gcc/mingw32/4.7.1/include/c++" />
            <Add directory="c:\program files\codeblocks\mingw\bin\../lib/gcc/mingw32/4.7.1/include/c++/backward" />
            <Add directory="c:\program files\codeblocks\mingw\bin\../lib/gcc/mingw32/4.7.1/include/c++/mingw32" />
         </Compiler>
         <MakeCommands>
            <Build command="C:/PROGRA~1/CODEBL~1/MinGW/bin/mingw32-make.exe -f &quot;D:/repos/nnacs/NaTools/Makefile&quot;  VERBOSE=1 EvalNN" />
            <CompileFile command="C:/PROGRA~1/CODEBL~1/MinGW/bin/mingw32-make.exe -f &quot;D:/repos/nnacs/NaTools/Makefile&quot;  VERBOSE=1 &quot;$file&quot;" />
            <Clean command="C:/PROGRA~1/CODEBL~1/MinGW/bin/mingw32-make.exe -f &quot;D:/repos/nnacs/NaTools/Makefile&quot;  VERBOSE=1 clean" />
            <DistClean command="C:/PROGRA~1/CODEBL~1/MinGW/bin/mingw32-make.exe -f &quot;D:/repos/nnacs/NaTools/Makefile&quot;  VERBOSE=1 clean" />
         </MakeCommands>
      </Target>
      <Target title="EvalNN/fast">
         <Option output="D:/repos/nnacs/NaTools/EvalNN.exe" prefix_auto="0" extension_auto="0" />
         <Option working_dir="D:/repos/nnacs/NaTools" />
         <Option object_output="./" />
         <Option type="1" />
         <Option compiler="gcc" />
         <Compiler>
            <Add directory="D:/repos/nnacs/NaTools/." />
            <Add directory="D:/repos/nnacs/NaTools/../Matrix.041" />
            <Add directory="D:/repos/nnacs/NaTools/../NeuArch" />
            <Add directory="c:\program files\codeblocks\mingw\bin\../lib/gcc/mingw32/4.7.1/../../../../include" />
            <Add directory="c:\program files\codeblocks\mingw\bin\../lib/gcc/mingw32/4.7.1/include" />
            <Add directory="c:\program files\codeblocks\mingw\bin\../lib/gcc/mingw32/4.7.1/include-fixed" />
            <Add directory="c:\program files\codeblocks\mingw\bin\../lib/gcc/mingw32/4.7.1/include/c++" />
            <Add directory="c:\program files\codeblocks\mingw\bin\../lib/gcc/mingw32/4.7.1/include/c++/backward" />
            <Add directory="c:\program files\codeblocks\mingw\bin\../lib/gcc/mingw32/4.7.1/include/c++/mingw32" />
         </Compiler>
         <MakeCommands>
            <Build command="C:/PROGRA~1/CODEBL~1/MinGW/bin/mingw32-make.exe -f &quot;D:/repos/nnacs/NaTools/Makefile&quot;  VERBOSE=1 EvalNN/fast" />
            <CompileFile command="C:/PROGRA~1/CODEBL~1/MinGW/bin/mingw32-make.exe -f &quot;D:/repos/nnacs/NaTools/Makefile&quot;  VERBOSE=1 &quot;$file&quot;" />
            <Clean command="C:/PROGRA~1/CODEBL~1/MinGW/bin/mingw32-make.exe -f &quot;D:/repos/nnacs/NaTools/Makefile&quot;  VERBOSE=1 clean" />
            <DistClean command="C:/PROGRA~1/CODEBL~1/MinGW/bin/mingw32-make.exe -f &quot;D:/repos/nnacs/NaTools/Makefile&quot;  VERBOSE=1 clean" />
         </MakeCommands>
      </Target>
      <Target title="FileCvt">
         <Option output="D:/repos/nnacs/NaTools/FileCvt.exe" prefix_auto="0" extension_auto="0" />
         <Option working_dir="D:/repos/nnacs/NaTools" />
         <Option object_output="./" />
         <Option type="1" />
         <Option compiler="gcc" />
         <Compiler>
            <Add directory="D:/repos/nnacs/NaTools/." />
            <Add directory="D:/repos/nnacs/NaTools/../Matrix.041" />
            <Add directory="D:/repos/nnacs/NaTools/../NeuArch" />
            <Add directory="c:\program files\codeblocks\mingw\bin\../lib/gcc/mingw32/4.7.1/../../../../include" />
            <Add directory="c:\program files\codeblocks\mingw\bin\../lib/gcc/mingw32/4.7.1/include" />
            <Add directory="c:\program files\codeblocks\mingw\bin\../lib/gcc/mingw32/4.7.1/include-fixed" />
            <Add directory="c:\program files\codeblocks\mingw\bin\../lib/gcc/mingw32/4.7.1/include/c++" />
            <Add directory="c:\program files\codeblocks\mingw\bin\../lib/gcc/mingw32/4.7.1/include/c++/backward" />
            <Add directory="c:\program files\codeblocks\mingw\bin\../lib/gcc/mingw32/4.7.1/include/c++/mingw32" />
         </Compiler>
         <MakeCommands>
            <Build command="C:/PROGRA~1/CODEBL~1/MinGW/bin/mingw32-make.exe -f &quot;D:/repos/nnacs/NaTools/Makefile&quot;  VERBOSE=1 FileCvt" />
            <CompileFile command="C:/PROGRA~1/CODEBL~1/MinGW/bin/mingw32-make.exe -f &quot;D:/repos/nnacs/NaTools/Makefile&quot;  VERBOSE=1 &quot;$file&quot;" />
            <Clean command="C:/PROGRA~1/CODEBL~1/MinGW/bin/mingw32-make.exe -f &quot;D:/repos/nnacs/NaTools/Makefile&quot;  VERBOSE=1 clean" />
            <DistClean command="C:/PROGRA~1/CODEBL~1/MinGW/bin/mingw32-make.exe -f &quot;D:/repos/nnacs/NaTools/Makefile&quot;  VERBOSE=1 clean" />
         </MakeCommands>
      </Target>
      <Target title="FileCvt/fast">
         <Option output="D:/repos/nnacs/NaTools/FileCvt.exe" prefix_auto="0" extension_auto="0" />
         <Option working_dir="D:/repos/nnacs/NaTools" />
         <Option object_output="./" />
         <Option type="1" />
         <Option compiler="gcc" />
         <Compiler>
            <Add directory="D:/repos/nnacs/NaTools/." />
            <Add directory="D:/repos/nnacs/NaTools/../Matrix.041" />
            <Add directory="D:/repos/nnacs/NaTools/../NeuArch" />
            <Add directory="c:\program files\codeblocks\mingw\bin\../lib/gcc/mingw32/4.7.1/../../../../include" />
            <Add directory="c:\program files\codeblocks\mingw\bin\../lib/gcc/mingw32/4.7.1/include" />
            <Add directory="c:\program files\codeblocks\mingw\bin\../lib/gcc/mingw32/4.7.1/include-fixed" />
            <Add directory="c:\program files\codeblocks\mingw\bin\../lib/gcc/mingw32/4.7.1/include/c++" />
            <Add directory="c:\program files\codeblocks\mingw\bin\../lib/gcc/mingw32/4.7.1/include/c++/backward" />
            <Add directory="c:\program files\codeblocks\mingw\bin\../lib/gcc/mingw32/4.7.1/include/c++/mingw32" />
         </Compiler>
         <MakeCommands>
            <Build command="C:/PROGRA~1/CODEBL~1/MinGW/bin/mingw32-make.exe -f &quot;D:/repos/nnacs/NaTools/Makefile&quot;  VERBOSE=1 FileCvt/fast" />
            <CompileFile command="C:/PROGRA~1/CODEBL~1/MinGW/bin/mingw32-make.exe -f &quot;D:/repos/nnacs/NaTools/Makefile&quot;  VERBOSE=1 &quot;$file&quot;" />
            <Clean command="C:/PROGRA~1/CODEBL~1/MinGW/bin/mingw32-make.exe -f &quot;D:/repos/nnacs/NaTools/Makefile&quot;  VERBOSE=1 clean" />
            <DistClean command="C:/PROGRA~1/CODEBL~1/MinGW/bin/mingw32-make.exe -f &quot;D:/repos/nnacs/NaTools/Makefile&quot;  VERBOSE=1 clean" />
         </MakeCommands>
      </Target>
      <Target title="MakeNN">
         <Option output="D:/repos/nnacs/NaTools/MakeNN.exe" prefix_auto="0" extension_auto="0" />
         <Option working_dir="D:/repos/nnacs/NaTools" />
         <Option object_output="./" />
         <Option type="1" />
         <Option compiler="gcc" />
         <Compiler>
            <Add directory="D:/repos/nnacs/NaTools/." />
            <Add directory="D:/repos/nnacs/NaTools/../Matrix.041" />
            <Add directory="D:/repos/nnacs/NaTools/../NeuArch" />
            <Add directory="c:\program files\codeblocks\mingw\bin\../lib/gcc/mingw32/4.7.1/../../../../include" />
            <Add directory="c:\program files\codeblocks\mingw\bin\../lib/gcc/mingw32/4.7.1/include" />
            <Add directory="c:\program files\codeblocks\mingw\bin\../lib/gcc/mingw32/4.7.1/include-fixed" />
            <Add directory="c:\program files\codeblocks\mingw\bin\../lib/gcc/mingw32/4.7.1/include/c++" />
            <Add directory="c:\program files\codeblocks\mingw\bin\../lib/gcc/mingw32/4.7.1/include/c++/backward" />
            <Add directory="c:\program files\codeblocks\mingw\bin\../lib/gcc/mingw32/4.7.1/include/c++/mingw32" />
         </Compiler>
         <MakeCommands>
            <Build command="C:/PROGRA~1/CODEBL~1/MinGW/bin/mingw32-make.exe -f &quot;D:/repos/nnacs/NaTools/Makefile&quot;  VERBOSE=1 MakeNN" />
            <CompileFile command="C:/PROGRA~1/CODEBL~1/MinGW/bin/mingw32-make.exe -f &quot;D:/repos/nnacs/NaTools/Makefile&quot;  VERBOSE=1 &quot;$file&quot;" />
            <Clean command="C:/PROGRA~1/CODEBL~1/MinGW/bin/mingw32-make.exe -f &quot;D:/repos/nnacs/NaTools/Makefile&quot;  VERBOSE=1 clean" />
            <DistClean command="C:/PROGRA~1/CODEBL~1/MinGW/bin/mingw32-make.exe -f &quot;D:/repos/nnacs/NaTools/Makefile&quot;  VERBOSE=1 clean" />
         </MakeCommands>
      </Target>
      <Target title="MakeNN/fast">
         <Option output="D:/repos/nnacs/NaTools/MakeNN.exe" prefix_auto="0" extension_auto="0" />
         <Option working_dir="D:/repos/nnacs/NaTools" />
         <Option object_output="./" />
         <Option type="1" />
         <Option compiler="gcc" />
         <Compiler>
            <Add directory="D:/repos/nnacs/NaTools/." />
            <Add directory="D:/repos/nnacs/NaTools/../Matrix.041" />
            <Add directory="D:/repos/nnacs/NaTools/../NeuArch" />
            <Add directory="c:\program files\codeblocks\mingw\bin\../lib/gcc/mingw32/4.7.1/../../../../include" />
            <Add directory="c:\program files\codeblocks\mingw\bin\../lib/gcc/mingw32/4.7.1/include" />
            <Add directory="c:\program files\codeblocks\mingw\bin\../lib/gcc/mingw32/4.7.1/include-fixed" />
            <Add directory="c:\program files\codeblocks\mingw\bin\../lib/gcc/mingw32/4.7.1/include/c++" />
            <Add directory="c:\program files\codeblocks\mingw\bin\../lib/gcc/mingw32/4.7.1/include/c++/backward" />
            <Add directory="c:\program files\codeblocks\mingw\bin\../lib/gcc/mingw32/4.7.1/include/c++/mingw32" />
         </Compiler>
         <MakeCommands>
            <Build command="C:/PROGRA~1/CODEBL~1/MinGW/bin/mingw32-make.exe -f &quot;D:/repos/nnacs/NaTools/Makefile&quot;  VERBOSE=1 MakeNN/fast" />
            <CompileFile command="C:/PROGRA~1/CODEBL~1/MinGW/bin/mingw32-make.exe -f &quot;D:/repos/nnacs/NaTools/Makefile&quot;  VERBOSE=1 &quot;$file&quot;" />
            <Clean command="C:/PROGRA~1/CODEBL~1/MinGW/bin/mingw32-make.exe -f &quot;D:/repos/nnacs/NaTools/Makefile&quot;  VERBOSE=1 clean" />
            <DistClean command="C:/PROGRA~1/CODEBL~1/MinGW/bin/mingw32-make.exe -f &quot;D:/repos/nnacs/NaTools/Makefile&quot;  VERBOSE=1 clean" />
         </MakeCommands>
      </Target>
      <Target title="ResetNN">
         <Option output="D:/repos/nnacs/NaTools/ResetNN.exe" prefix_auto="0" extension_auto="0" />
         <Option working_dir="D:/repos/nnacs/NaTools" />
         <Option object_output="./" />
         <Option type="1" />
         <Option compiler="gcc" />
         <Compiler>
            <Add directory="D:/repos/nnacs/NaTools/." />
            <Add directory="D:/repos/nnacs/NaTools/../Matrix.041" />
            <Add directory="D:/repos/nnacs/NaTools/../NeuArch" />
            <Add directory="c:\program files\codeblocks\mingw\bin\../lib/gcc/mingw32/4.7.1/../../../../include" />
            <Add directory="c:\program files\codeblocks\mingw\bin\../lib/gcc/mingw32/4.7.1/include" />
            <Add directory="c:\program files\codeblocks\mingw\bin\../lib/gcc/mingw32/4.7.1/include-fixed" />
            <Add directory="c:\program files\codeblocks\mingw\bin\../lib/gcc/mingw32/4.7.1/include/c++" />
            <Add directory="c:\program files\codeblocks\mingw\bin\../lib/gcc/mingw32/4.7.1/include/c++/backward" />
            <Add directory="c:\program files\codeblocks\mingw\bin\../lib/gcc/mingw32/4.7.1/include/c++/mingw32" />
         </Compiler>
         <MakeCommands>
            <Build command="C:/PROGRA~1/CODEBL~1/MinGW/bin/mingw32-make.exe -f &quot;D:/repos/nnacs/NaTools/Makefile&quot;  VERBOSE=1 ResetNN" />
            <CompileFile command="C:/PROGRA~1/CODEBL~1/MinGW/bin/mingw32-make.exe -f &quot;D:/repos/nnacs/NaTools/Makefile&quot;  VERBOSE=1 &quot;$file&quot;" />
            <Clean command="C:/PROGRA~1/CODEBL~1/MinGW/bin/mingw32-make.exe -f &quot;D:/repos/nnacs/NaTools/Makefile&quot;  VERBOSE=1 clean" />
            <DistClean command="C:/PROGRA~1/CODEBL~1/MinGW/bin/mingw32-make.exe -f &quot;D:/repos/nnacs/NaTools/Makefile&quot;  VERBOSE=1 clean" />
         </MakeCommands>
      </Target>
      <Target title="ResetNN/fast">
         <Option output="D:/repos/nnacs/NaTools/ResetNN.exe" prefix_auto="0" extension_auto="0" />
         <Option working_dir="D:/repos/nnacs/NaTools" />
         <Option object_output="./" />
         <Option type="1" />
         <Option compiler="gcc" />
         <Compiler>
            <Add directory="D:/repos/nnacs/NaTools/." />
            <Add directory="D:/repos/nnacs/NaTools/../Matrix.041" />
            <Add directory="D:/repos/nnacs/NaTools/../NeuArch" />
            <Add directory="c:\program files\codeblocks\mingw\bin\../lib/gcc/mingw32/4.7.1/../../../../include" />
            <Add directory="c:\program files\codeblocks\mingw\bin\../lib/gcc/mingw32/4.7.1/include" />
            <Add directory="c:\program files\codeblocks\mingw\bin\../lib/gcc/mingw32/4.7.1/include-fixed" />
            <Add directory="c:\program files\codeblocks\mingw\bin\../lib/gcc/mingw32/4.7.1/include/c++" />
            <Add directory="c:\program files\codeblocks\mingw\bin\../lib/gcc/mingw32/4.7.1/include/c++/backward" />
            <Add directory="c:\program files\codeblocks\mingw\bin\../lib/gcc/mingw32/4.7.1/include/c++/mingw32" />
         </Compiler>
         <MakeCommands>
            <Build command="C:/PROGRA~1/CODEBL~1/MinGW/bin/mingw32-make.exe -f &quot;D:/repos/nnacs/NaTools/Makefile&quot;  VERBOSE=1 ResetNN/fast" />
            <CompileFile command="C:/PROGRA~1/CODEBL~1/MinGW/bin/mingw32-make.exe -f &quot;D:/repos/nnacs/NaTools/Makefile&quot;  VERBOSE=1 &quot;$file&quot;" />
            <Clean command="C:/PROGRA~1/CODEBL~1/MinGW/bin/mingw32-make.exe -f &quot;D:/repos/nnacs/NaTools/Makefile&quot;  VERBOSE=1 clean" />
            <DistClean command="C:/PROGRA~1/CODEBL~1/MinGW/bin/mingw32-make.exe -f &quot;D:/repos/nnacs/NaTools/Makefile&quot;  VERBOSE=1 clean" />
         </MakeCommands>
      </Target>
      <Target title="StatAn">
         <Option output="D:/repos/nnacs/NaTools/StatAn.exe" prefix_auto="0" extension_auto="0" />
         <Option working_dir="D:/repos/nnacs/NaTools" />
         <Option object_output="./" />
         <Option type="1" />
         <Option compiler="gcc" />
         <Compiler>
            <Add directory="D:/repos/nnacs/NaTools/." />
            <Add directory="D:/repos/nnacs/NaTools/../Matrix.041" />
            <Add directory="D:/repos/nnacs/NaTools/../NeuArch" />
            <Add directory="c:\program files\codeblocks\mingw\bin\../lib/gcc/mingw32/4.7.1/../../../../include" />
            <Add directory="c:\program files\codeblocks\mingw\bin\../lib/gcc/mingw32/4.7.1/include" />
            <Add directory="c:\program files\codeblocks\mingw\bin\../lib/gcc/mingw32/4.7.1/include-fixed" />
            <Add directory="c:\program files\codeblocks\mingw\bin\../lib/gcc/mingw32/4.7.1/include/c++" />
            <Add directory="c:\program files\codeblocks\mingw\bin\../lib/gcc/mingw32/4.7.1/include/c++/backward" />
            <Add directory="c:\program files\codeblocks\mingw\bin\../lib/gcc/mingw32/4.7.1/include/c++/mingw32" />
         </Compiler>
         <MakeCommands>
            <Build command="C:/PROGRA~1/CODEBL~1/MinGW/bin/mingw32-make.exe -f &quot;D:/repos/nnacs/NaTools/Makefile&quot;  VERBOSE=1 StatAn" />
            <CompileFile command="C:/PROGRA~1/CODEBL~1/MinGW/bin/mingw32-make.exe -f &quot;D:/repos/nnacs/NaTools/Makefile&quot;  VERBOSE=1 &quot;$file&quot;" />
            <Clean command="C:/PROGRA~1/CODEBL~1/MinGW/bin/mingw32-make.exe -f &quot;D:/repos/nnacs/NaTools/Makefile&quot;  VERBOSE=1 clean" />
            <DistClean command="C:/PROGRA~1/CODEBL~1/MinGW/bin/mingw32-make.exe -f &quot;D:/repos/nnacs/NaTools/Makefile&quot;  VERBOSE=1 clean" />
         </MakeCommands>
      </Target>
      <Target title="StatAn/fast">
         <Option output="D:/repos/nnacs/NaTools/StatAn.exe" prefix_auto="0" extension_auto="0" />
         <Option working_dir="D:/repos/nnacs/NaTools" />
         <Option object_output="./" />
         <Option type="1" />
         <Option compiler="gcc" />
         <Compiler>
            <Add directory="D:/repos/nnacs/NaTools/." />
            <Add directory="D:/repos/nnacs/NaTools/../Matrix.041" />
            <Add directory="D:/repos/nnacs/NaTools/../NeuArch" />
            <Add directory="c:\program files\codeblocks\mingw\bin\../lib/gcc/mingw32/4.7.1/../../../../include" />
            <Add directory="c:\program files\codeblocks\mingw\bin\../lib/gcc/mingw32/4.7.1/include" />
            <Add directory="c:\program files\codeblocks\mingw\bin\../lib/gcc/mingw32/4.7.1/include-fixed" />
            <Add directory="c:\program files\codeblocks\mingw\bin\../lib/gcc/mingw32/4.7.1/include/c++" />
            <Add directory="c:\program files\codeblocks\mingw\bin\../lib/gcc/mingw32/4.7.1/include/c++/backward" />
            <Add directory="c:\program files\codeblocks\mingw\bin\../lib/gcc/mingw32/4.7.1/include/c++/mingw32" />
         </Compiler>
         <MakeCommands>
            <Build command="C:/PROGRA~1/CODEBL~1/MinGW/bin/mingw32-make.exe -f &quot;D:/repos/nnacs/NaTools/Makefile&quot;  VERBOSE=1 StatAn/fast" />
            <CompileFile command="C:/PROGRA~1/CODEBL~1/MinGW/bin/mingw32-make.exe -f &quot;D:/repos/nnacs/NaTools/Makefile&quot;  VERBOSE=1 &quot;$file&quot;" />
            <Clean command="C:/PROGRA~1/CODEBL~1/MinGW/bin/mingw32-make.exe -f &quot;D:/repos/nnacs/NaTools/Makefile&quot;  VERBOSE=1 clean" />
            <DistClean command="C:/PROGRA~1/CODEBL~1/MinGW/bin/mingw32-make.exe -f &quot;D:/repos/nnacs/NaTools/Makefile&quot;  VERBOSE=1 clean" />
         </MakeCommands>
      </Target>
      <Target title="TrainNN">
         <Option output="D:/repos/nnacs/NaTools/TrainNN.exe" prefix_auto="0" extension_auto="0" />
         <Option working_dir="D:/repos/nnacs/NaTools" />
         <Option object_output="./" />
         <Option type="1" />
         <Option compiler="gcc" />
         <Compiler>
            <Add directory="D:/repos/nnacs/NaTools/." />
            <Add directory="D:/repos/nnacs/NaTools/../Matrix.041" />
            <Add directory="D:/repos/nnacs/NaTools/../NeuArch" />
            <Add directory="c:\program files\codeblocks\mingw\bin\../lib/gcc/mingw32/4.7.1/../../../../include" />
            <Add directory="c:\program files\codeblocks\mingw\bin\../lib/gcc/mingw32/4.7.1/include" />
            <Add directory="c:\program files\codeblocks\mingw\bin\../lib/gcc/mingw32/4.7.1/include-fixed" />
            <Add directory="c:\program files\codeblocks\mingw\bin\../lib/gcc/mingw32/4.7.1/include/c++" />
            <Add directory="c:\program files\codeblocks\mingw\bin\../lib/gcc/mingw32/4.7.1/include/c++/backward" />
            <Add directory="c:\program files\codeblocks\mingw\bin\../lib/gcc/mingw32/4.7.1/include/c++/mingw32" />
         </Compiler>
         <MakeCommands>
            <Build command="C:/PROGRA~1/CODEBL~1/MinGW/bin/mingw32-make.exe -f &quot;D:/repos/nnacs/NaTools/Makefile&quot;  VERBOSE=1 TrainNN" />
            <CompileFile command="C:/PROGRA~1/CODEBL~1/MinGW/bin/mingw32-make.exe -f &quot;D:/repos/nnacs/NaTools/Makefile&quot;  VERBOSE=1 &quot;$file&quot;" />
            <Clean command="C:/PROGRA~1/CODEBL~1/MinGW/bin/mingw32-make.exe -f &quot;D:/repos/nnacs/NaTools/Makefile&quot;  VERBOSE=1 clean" />
            <DistClean command="C:/PROGRA~1/CODEBL~1/MinGW/bin/mingw32-make.exe -f &quot;D:/repos/nnacs/NaTools/Makefile&quot;  VERBOSE=1 clean" />
         </MakeCommands>
      </Target>
      <Target title="TrainNN/fast">
         <Option output="D:/repos/nnacs/NaTools/TrainNN.exe" prefix_auto="0" extension_auto="0" />
         <Option working_dir="D:/repos/nnacs/NaTools" />
         <Option object_output="./" />
         <Option type="1" />
         <Option compiler="gcc" />
         <Compiler>
            <Add directory="D:/repos/nnacs/NaTools/." />
            <Add directory="D:/repos/nnacs/NaTools/../Matrix.041" />
            <Add directory="D:/repos/nnacs/NaTools/../NeuArch" />
            <Add directory="c:\program files\codeblocks\mingw\bin\../lib/gcc/mingw32/4.7.1/../../../../include" />
            <Add directory="c:\program files\codeblocks\mingw\bin\../lib/gcc/mingw32/4.7.1/include" />
            <Add directory="c:\program files\codeblocks\mingw\bin\../lib/gcc/mingw32/4.7.1/include-fixed" />
            <Add directory="c:\program files\codeblocks\mingw\bin\../lib/gcc/mingw32/4.7.1/include/c++" />
            <Add directory="c:\program files\codeblocks\mingw\bin\../lib/gcc/mingw32/4.7.1/include/c++/backward" />
            <Add directory="c:\program files\codeblocks\mingw\bin\../lib/gcc/mingw32/4.7.1/include/c++/mingw32" />
         </Compiler>
         <MakeCommands>
            <Build command="C:/PROGRA~1/CODEBL~1/MinGW/bin/mingw32-make.exe -f &quot;D:/repos/nnacs/NaTools/Makefile&quot;  VERBOSE=1 TrainNN/fast" />
            <CompileFile command="C:/PROGRA~1/CODEBL~1/MinGW/bin/mingw32-make.exe -f &quot;D:/repos/nnacs/NaTools/Makefile&quot;  VERBOSE=1 &quot;$file&quot;" />
            <Clean command="C:/PROGRA~1/CODEBL~1/MinGW/bin/mingw32-make.exe -f &quot;D:/repos/nnacs/NaTools/Makefile&quot;  VERBOSE=1 clean" />
            <DistClean command="C:/PROGRA~1/CODEBL~1/MinGW/bin/mingw32-make.exe -f &quot;D:/repos/nnacs/NaTools/Makefile&quot;  VERBOSE=1 clean" />
         </MakeCommands>
      </Target>
      <Target title="UNGen">
         <Option output="D:/repos/nnacs/NaTools/UNGen.exe" prefix_auto="0" extension_auto="0" />
         <Option working_dir="D:/repos/nnacs/NaTools" />
         <Option object_output="./" />
         <Option type="1" />
         <Option compiler="gcc" />
         <Compiler>
            <Add directory="D:/repos/nnacs/NaTools/." />
            <Add directory="D:/repos/nnacs/NaTools/../Matrix.041" />
            <Add directory="D:/repos/nnacs/NaTools/../NeuArch" />
            <Add directory="c:\program files\codeblocks\mingw\bin\../lib/gcc/mingw32/4.7.1/../../../../include" />
            <Add directory="c:\program files\codeblocks\mingw\bin\../lib/gcc/mingw32/4.7.1/include" />
            <Add directory="c:\program files\codeblocks\mingw\bin\../lib/gcc/mingw32/4.7.1/include-fixed" />
            <Add directory="c:\program files\codeblocks\mingw\bin\../lib/gcc/mingw32/4.7.1/include/c++" />
            <Add directory="c:\program files\codeblocks\mingw\bin\../lib/gcc/mingw32/4.7.1/include/c++/backward" />
            <Add directory="c:\program files\codeblocks\mingw\bin\../lib/gcc/mingw32/4.7.1/include/c++/mingw32" />
         </Compiler>
         <MakeCommands>
            <Build command="C:/PROGRA~1/CODEBL~1/MinGW/bin/mingw32-make.exe -f &quot;D:/repos/nnacs/NaTools/Makefile&quot;  VERBOSE=1 UNGen" />
            <CompileFile command="C:/PROGRA~1/CODEBL~1/MinGW/bin/mingw32-make.exe -f &quot;D:/repos/nnacs/NaTools/Makefile&quot;  VERBOSE=1 &quot;$file&quot;" />
            <Clean command="C:/PROGRA~1/CODEBL~1/MinGW/bin/mingw32-make.exe -f &quot;D:/repos/nnacs/NaTools/Makefile&quot;  VERBOSE=1 clean" />
            <DistClean command="C:/PROGRA~1/CODEBL~1/MinGW/bin/mingw32-make.exe -f &quot;D:/repos/nnacs/NaTools/Makefile&quot;  VERBOSE=1 clean" />
         </MakeCommands>
      </Target>
      <Target title="UNGen/fast">
         <Option output="D:/repos/nnacs/NaTools/UNGen.exe" prefix_auto="0" extension_auto="0" />
         <Option working_dir="D:/repos/nnacs/NaTools" />
         <Option object_output="./" />
         <Option type="1" />
         <Option compiler="gcc" />
         <Compiler>
            <Add directory="D:/repos/nnacs/NaTools/." />
            <Add directory="D:/repos/nnacs/NaTools/../Matrix.041" />
            <Add directory="D:/repos/nnacs/NaTools/../NeuArch" />
            <Add directory="c:\program files\codeblocks\mingw\bin\../lib/gcc/mingw32/4.7.1/../../../../include" />
            <Add directory="c:\program files\codeblocks\mingw\bin\../lib/gcc/mingw32/4.7.1/include" />
            <Add directory="c:\program files\codeblocks\mingw\bin\../lib/gcc/mingw32/4.7.1/include-fixed" />
            <Add directory="c:\program files\codeblocks\mingw\bin\../lib/gcc/mingw32/4.7.1/include/c++" />
            <Add directory="c:\program files\codeblocks\mingw\bin\../lib/gcc/mingw32/4.7.1/include/c++/backward" />
            <Add directory="c:\program files\codeblocks\mingw\bin\../lib/gcc/mingw32/4.7.1/include/c++/mingw32" />
         </Compiler>
         <MakeCommands>
            <Build command="C:/PROGRA~1/CODEBL~1/MinGW/bin/mingw32-make.exe -f &quot;D:/repos/nnacs/NaTools/Makefile&quot;  VERBOSE=1 UNGen/fast" />
            <CompileFile command="C:/PROGRA~1/CODEBL~1/MinGW/bin/mingw32-make.exe -f &quot;D:/repos/nnacs/NaTools/Makefile&quot;  VERBOSE=1 &quot;$file&quot;" />
            <Clean command="C:/PROGRA~1/CODEBL~1/MinGW/bin/mingw32-make.exe -f &quot;D:/repos/nnacs/NaTools/Makefile&quot;  VERBOSE=1 clean" />
            <DistClean command="C:/PROGRA~1/CODEBL~1/MinGW/bin/mingw32-make.exe -f &quot;D:/repos/nnacs/NaTools/Makefile&quot;  VERBOSE=1 clean" />
         </MakeCommands>
      </Target>
      </Build>
      <Unit filename="D:/repos/nnacs/NaTools/Distr1D.cpp">
      </Unit>
      <Unit filename="D:/repos/nnacs/NaTools/Distr2D.cpp">
      </Unit>
      <Unit filename="D:/repos/nnacs/NaTools/EvalNN.cpp">
      </Unit>
      <Unit filename="D:/repos/nnacs/NaTools/FileCvt.cpp">
      </Unit>
      <Unit filename="D:/repos/nnacs/NaTools/MakeNN.cpp">
      </Unit>
      <Unit filename="D:/repos/nnacs/NaTools/ResetNN.cpp">
      </Unit>
      <Unit filename="D:/repos/nnacs/NaTools/StatAn.cpp">
      </Unit>
      <Unit filename="D:/repos/nnacs/NaTools/TrainNN.cpp">
      </Unit>
      <Unit filename="D:/repos/nnacs/NaTools/UNGen.cpp">
      </Unit>
      <Unit filename="D:/repos/nnacs/CMakeLists.txt">
          <Option virtualFolder="CMake Files\" />
      </Unit>
      <Unit filename="D:/repos/nnacs/Matrix.041/CMakeLists.txt">
          <Option virtualFolder="CMake Files\Matrix.041\" />
      </Unit>
      <Unit filename="D:/repos/nnacs/Matrix.041/CMakeLists.txt">
          <Option virtualFolder="CMake Files\Matrix.041\" />
      </Unit>
      <Unit filename="D:/repos/nnacs/NeuArch/CMakeLists.txt">
          <Option virtualFolder="CMake Files\NeuArch\" />
      </Unit>
      <Unit filename="D:/repos/nnacs/NeuArch/CMakeLists.txt">
          <Option virtualFolder="CMake Files\NeuArch\" />
      </Unit>
      <Unit filename="D:/repos/nnacs/NaTools/CMakeLists.txt">
          <Option virtualFolder="CMake Files\NaTools\" />
      </Unit>
      <Unit filename="D:/repos/nnacs/NaTools/CMakeLists.txt">
          <Option virtualFolder="CMake Files\NaTools\" />
      </Unit>
      <Unit filename="D:/repos/nnacs/dtools/CMakeLists.txt">
          <Option virtualFolder="CMake Files\dtools\" />
      </Unit>
      <Unit filename="D:/repos/nnacs/dtools/CMakeLists.txt">
          <Option virtualFolder="CMake Files\dtools\" />
      </Unit>
      <Unit filename="D:/repos/nnacs/dcsloop/CMakeLists.txt">
          <Option virtualFolder="CMake Files\dcsloop\" />
      </Unit>
      <Unit filename="D:/repos/nnacs/dcsloop/CMakeLists.txt">
          <Option virtualFolder="CMake Files\dcsloop\" />
      </Unit>
      <Unit filename="D:/repos/nnacs/dplantid/CMakeLists.txt">
          <Option virtualFolder="CMake Files\dplantid\" />
      </Unit>
      <Unit filename="D:/repos/nnacs/dplantid/CMakeLists.txt">
          <Option virtualFolder="CMake Files\dplantid\" />
      </Unit>
      <Unit filename="D:/repos/nnacs/dcontrp/CMakeLists.txt">
          <Option virtualFolder="CMake Files\dcontrp\" />
      </Unit>
      <Unit filename="D:/repos/nnacs/dcontrp/CMakeLists.txt">
          <Option virtualFolder="CMake Files\dcontrp\" />
      </Unit>
      <Unit filename="D:/repos/nnacs/dcontrf/CMakeLists.txt">
          <Option virtualFolder="CMake Files\dcontrf\" />
      </Unit>
      <Unit filename="D:/repos/nnacs/dcontrf/CMakeLists.txt">
          <Option virtualFolder="CMake Files\dcontrf\" />
      </Unit>
      <Unit filename="D:/repos/nnacs/noc_labs/CMakeLists.txt">
          <Option virtualFolder="CMake Files\noc_labs\" />
      </Unit>
      <Unit filename="D:/repos/nnacs/noc_labs/CMakeLists.txt">
          <Option virtualFolder="CMake Files\noc_labs\" />
      </Unit>
   </Project>
</CodeBlocks_project_file>
