<?xml version="1.0" encoding="UTF-8" standalone="yes" ?>
<CodeBlocks_project_file>
   <FileVersion major="1" minor="6" />
   <Project>
      <Option title="matrix" />
      <Option makefile_is_custom="1" />
      <Option compiler="gcc" />
      <Option virtualFolders="CMake Files\;CMake Files\Matrix.041\;CMake Files\NeuArch\;CMake Files\NaTools\;CMake Files\dtools\;CMake Files\dcsloop\;CMake Files\dplantid\;CMake Files\dcontrp\;CMake Files\dcontrf\;CMake Files\noc_labs\;" />
      <Build>
      <Target title="all">
         <Option working_dir="D:/repos/nnacs/Matrix.041" />
         <Option type="4" />
         <MakeCommands>
            <Build command="C:/PROGRA~1/CODEBL~1/MinGW/bin/mingw32-make.exe -f &quot;D:/repos/nnacs/Matrix.041/Makefile&quot;  VERBOSE=1 all" />
            <CompileFile command="C:/PROGRA~1/CODEBL~1/MinGW/bin/mingw32-make.exe -f &quot;D:/repos/nnacs/Matrix.041/Makefile&quot;  VERBOSE=1 &quot;$file&quot;" />
            <Clean command="C:/PROGRA~1/CODEBL~1/MinGW/bin/mingw32-make.exe -f &quot;D:/repos/nnacs/Matrix.041/Makefile&quot;  VERBOSE=1 clean" />
            <DistClean command="C:/PROGRA~1/CODEBL~1/MinGW/bin/mingw32-make.exe -f &quot;D:/repos/nnacs/Matrix.041/Makefile&quot;  VERBOSE=1 clean" />
         </MakeCommands>
      </Target>
      <Target title="matrix">
         <Option output="D:/repos/nnacs/Matrix.041/libmatrix.a" prefix_auto="0" extension_auto="0" />
         <Option working_dir="D:/repos/nnacs/Matrix.041" />
         <Option object_output="./" />
         <Option type="2" />
         <Option compiler="gcc" />
         <Compiler>
            <Add directory="c:\program files\codeblocks\mingw\bin\../lib/gcc/mingw32/4.7.1/../../../../include" />
            <Add directory="c:\program files\codeblocks\mingw\bin\../lib/gcc/mingw32/4.7.1/include" />
            <Add directory="c:\program files\codeblocks\mingw\bin\../lib/gcc/mingw32/4.7.1/include-fixed" />
            <Add directory="c:\program files\codeblocks\mingw\bin\../lib/gcc/mingw32/4.7.1/include/c++" />
            <Add directory="c:\program files\codeblocks\mingw\bin\../lib/gcc/mingw32/4.7.1/include/c++/backward" />
            <Add directory="c:\program files\codeblocks\mingw\bin\../lib/gcc/mingw32/4.7.1/include/c++/mingw32" />
         </Compiler>
         <MakeCommands>
            <Build command="C:/PROGRA~1/CODEBL~1/MinGW/bin/mingw32-make.exe -f &quot;D:/repos/nnacs/Matrix.041/Makefile&quot;  VERBOSE=1 matrix" />
            <CompileFile command="C:/PROGRA~1/CODEBL~1/MinGW/bin/mingw32-make.exe -f &quot;D:/repos/nnacs/Matrix.041/Makefile&quot;  VERBOSE=1 &quot;$file&quot;" />
            <Clean command="C:/PROGRA~1/CODEBL~1/MinGW/bin/mingw32-make.exe -f &quot;D:/repos/nnacs/Matrix.041/Makefile&quot;  VERBOSE=1 clean" />
            <DistClean command="C:/PROGRA~1/CODEBL~1/MinGW/bin/mingw32-make.exe -f &quot;D:/repos/nnacs/Matrix.041/Makefile&quot;  VERBOSE=1 clean" />
         </MakeCommands>
      </Target>
      <Target title="matrix/fast">
         <Option output="D:/repos/nnacs/Matrix.041/libmatrix.a" prefix_auto="0" extension_auto="0" />
         <Option working_dir="D:/repos/nnacs/Matrix.041" />
         <Option object_output="./" />
         <Option type="2" />
         <Option compiler="gcc" />
         <Compiler>
            <Add directory="c:\program files\codeblocks\mingw\bin\../lib/gcc/mingw32/4.7.1/../../../../include" />
            <Add directory="c:\program files\codeblocks\mingw\bin\../lib/gcc/mingw32/4.7.1/include" />
            <Add directory="c:\program files\codeblocks\mingw\bin\../lib/gcc/mingw32/4.7.1/include-fixed" />
            <Add directory="c:\program files\codeblocks\mingw\bin\../lib/gcc/mingw32/4.7.1/include/c++" />
            <Add directory="c:\program files\codeblocks\mingw\bin\../lib/gcc/mingw32/4.7.1/include/c++/backward" />
            <Add directory="c:\program files\codeblocks\mingw\bin\../lib/gcc/mingw32/4.7.1/include/c++/mingw32" />
         </Compiler>
         <MakeCommands>
            <Build command="C:/PROGRA~1/CODEBL~1/MinGW/bin/mingw32-make.exe -f &quot;D:/repos/nnacs/Matrix.041/Makefile&quot;  VERBOSE=1 matrix/fast" />
            <CompileFile command="C:/PROGRA~1/CODEBL~1/MinGW/bin/mingw32-make.exe -f &quot;D:/repos/nnacs/Matrix.041/Makefile&quot;  VERBOSE=1 &quot;$file&quot;" />
            <Clean command="C:/PROGRA~1/CODEBL~1/MinGW/bin/mingw32-make.exe -f &quot;D:/repos/nnacs/Matrix.041/Makefile&quot;  VERBOSE=1 clean" />
            <DistClean command="C:/PROGRA~1/CODEBL~1/MinGW/bin/mingw32-make.exe -f &quot;D:/repos/nnacs/Matrix.041/Makefile&quot;  VERBOSE=1 clean" />
         </MakeCommands>
      </Target>
      </Build>
      <Unit filename="D:/repos/nnacs/Matrix.041/matadd.c">
      </Unit>
      <Unit filename="D:/repos/nnacs/Matrix.041/matcreat.c">
      </Unit>
      <Unit filename="D:/repos/nnacs/Matrix.041/matdet.c">
      </Unit>
      <Unit filename="D:/repos/nnacs/Matrix.041/matdump.c">
      </Unit>
      <Unit filename="D:/repos/nnacs/Matrix.041/matdurbn.c">
      </Unit>
      <Unit filename="D:/repos/nnacs/Matrix.041/materr.c">
      </Unit>
      <Unit filename="D:/repos/nnacs/Matrix.041/matinv.c">
      </Unit>
      <Unit filename="D:/repos/nnacs/Matrix.041/matmul.c">
      </Unit>
      <Unit filename="D:/repos/nnacs/Matrix.041/matsolve.c">
      </Unit>
      <Unit filename="D:/repos/nnacs/Matrix.041/matsub.c">
      </Unit>
      <Unit filename="D:/repos/nnacs/Matrix.041/matsubx.c">
      </Unit>
      <Unit filename="D:/repos/nnacs/Matrix.041/mattoepz.c">
      </Unit>
      <Unit filename="D:/repos/nnacs/Matrix.041/mattran.c">
      </Unit>
      <Unit filename="D:/repos/nnacs/CMakeLists.txt">
          <Option virtualFolder="CMake Files\" />
      </Unit>
      <Unit filename="D:/repos/nnacs/Matrix.041/CMakeLists.txt">
          <Option virtualFolder="CMake Files\Matrix.041\" />
      </Unit>
      <Unit filename="D:/repos/nnacs/Matrix.041/CMakeLists.txt">
          <Option virtualFolder="CMake Files\Matrix.041\" />
      </Unit>
      <Unit filename="D:/repos/nnacs/NeuArch/CMakeLists.txt">
          <Option virtualFolder="CMake Files\NeuArch\" />
      </Unit>
      <Unit filename="D:/repos/nnacs/NeuArch/CMakeLists.txt">
          <Option virtualFolder="CMake Files\NeuArch\" />
      </Unit>
      <Unit filename="D:/repos/nnacs/NaTools/CMakeLists.txt">
          <Option virtualFolder="CMake Files\NaTools\" />
      </Unit>
      <Unit filename="D:/repos/nnacs/NaTools/CMakeLists.txt">
          <Option virtualFolder="CMake Files\NaTools\" />
      </Unit>
      <Unit filename="D:/repos/nnacs/dtools/CMakeLists.txt">
          <Option virtualFolder="CMake Files\dtools\" />
      </Unit>
      <Unit filename="D:/repos/nnacs/dtools/CMakeLists.txt">
          <Option virtualFolder="CMake Files\dtools\" />
      </Unit>
      <Unit filename="D:/repos/nnacs/dcsloop/CMakeLists.txt">
          <Option virtualFolder="CMake Files\dcsloop\" />
      </Unit>
      <Unit filename="D:/repos/nnacs/dcsloop/CMakeLists.txt">
          <Option virtualFolder="CMake Files\dcsloop\" />
      </Unit>
      <Unit filename="D:/repos/nnacs/dplantid/CMakeLists.txt">
          <Option virtualFolder="CMake Files\dplantid\" />
      </Unit>
      <Unit filename="D:/repos/nnacs/dplantid/CMakeLists.txt">
          <Option virtualFolder="CMake Files\dplantid\" />
      </Unit>
      <Unit filename="D:/repos/nnacs/dcontrp/CMakeLists.txt">
          <Option virtualFolder="CMake Files\dcontrp\" />
      </Unit>
      <Unit filename="D:/repos/nnacs/dcontrp/CMakeLists.txt">
          <Option virtualFolder="CMake Files\dcontrp\" />
      </Unit>
      <Unit filename="D:/repos/nnacs/dcontrf/CMakeLists.txt">
          <Option virtualFolder="CMake Files\dcontrf\" />
      </Unit>
      <Unit filename="D:/repos/nnacs/dcontrf/CMakeLists.txt">
          <Option virtualFolder="CMake Files\dcontrf\" />
      </Unit>
      <Unit filename="D:/repos/nnacs/noc_labs/CMakeLists.txt">
          <Option virtualFolder="CMake Files\noc_labs\" />
      </Unit>
      <Unit filename="D:/repos/nnacs/noc_labs/CMakeLists.txt">
          <Option virtualFolder="CMake Files\noc_labs\" />
      </Unit>
   </Project>
</CodeBlocks_project_file>
