<?xml version="1.0" encoding="UTF-8" standalone="yes" ?>
<CodeBlocks_project_file>
   <FileVersion major="1" minor="6" />
   <Project>
      <Option title="noc_labs" />
      <Option makefile_is_custom="1" />
      <Option compiler="gcc" />
      <Option virtualFolders="CMake Files\;CMake Files\Matrix.041\;CMake Files\NeuArch\;CMake Files\NaTools\;CMake Files\dtools\;CMake Files\dcsloop\;CMake Files\dplantid\;CMake Files\dcontrp\;CMake Files\dcontrf\;CMake Files\noc_labs\;" />
      <Build>
      <Target title="all">
         <Option working_dir="D:/repos/nnacs/noc_labs" />
         <Option type="4" />
         <MakeCommands>
            <Build command="C:/PROGRA~1/CODEBL~1/MinGW/bin/mingw32-make.exe -f &quot;D:/repos/nnacs/noc_labs/Makefile&quot;  VERBOSE=1 all" />
            <CompileFile command="C:/PROGRA~1/CODEBL~1/MinGW/bin/mingw32-make.exe -f &quot;D:/repos/nnacs/noc_labs/Makefile&quot;  VERBOSE=1 &quot;$file&quot;" />
            <Clean command="C:/PROGRA~1/CODEBL~1/MinGW/bin/mingw32-make.exe -f &quot;D:/repos/nnacs/noc_labs/Makefile&quot;  VERBOSE=1 clean" />
            <DistClean command="C:/PROGRA~1/CODEBL~1/MinGW/bin/mingw32-make.exe -f &quot;D:/repos/nnacs/noc_labs/Makefile&quot;  VERBOSE=1 clean" />
         </MakeCommands>
      </Target>
      </Build>
      <Unit filename="D:/repos/nnacs/CMakeLists.txt">
          <Option virtualFolder="CMake Files\" />
      </Unit>
      <Unit filename="D:/repos/nnacs/Matrix.041/CMakeLists.txt">
          <Option virtualFolder="CMake Files\Matrix.041\" />
      </Unit>
      <Unit filename="D:/repos/nnacs/Matrix.041/CMakeLists.txt">
          <Option virtualFolder="CMake Files\Matrix.041\" />
      </Unit>
      <Unit filename="D:/repos/nnacs/NeuArch/CMakeLists.txt">
          <Option virtualFolder="CMake Files\NeuArch\" />
      </Unit>
      <Unit filename="D:/repos/nnacs/NeuArch/CMakeLists.txt">
          <Option virtualFolder="CMake Files\NeuArch\" />
      </Unit>
      <Unit filename="D:/repos/nnacs/NaTools/CMakeLists.txt">
          <Option virtualFolder="CMake Files\NaTools\" />
      </Unit>
      <Unit filename="D:/repos/nnacs/NaTools/CMakeLists.txt">
          <Option virtualFolder="CMake Files\NaTools\" />
      </Unit>
      <Unit filename="D:/repos/nnacs/dtools/CMakeLists.txt">
          <Option virtualFolder="CMake Files\dtools\" />
      </Unit>
      <Unit filename="D:/repos/nnacs/dtools/CMakeLists.txt">
          <Option virtualFolder="CMake Files\dtools\" />
      </Unit>
      <Unit filename="D:/repos/nnacs/dcsloop/CMakeLists.txt">
          <Option virtualFolder="CMake Files\dcsloop\" />
      </Unit>
      <Unit filename="D:/repos/nnacs/dcsloop/CMakeLists.txt">
          <Option virtualFolder="CMake Files\dcsloop\" />
      </Unit>
      <Unit filename="D:/repos/nnacs/dplantid/CMakeLists.txt">
          <Option virtualFolder="CMake Files\dplantid\" />
      </Unit>
      <Unit filename="D:/repos/nnacs/dplantid/CMakeLists.txt">
          <Option virtualFolder="CMake Files\dplantid\" />
      </Unit>
      <Unit filename="D:/repos/nnacs/dcontrp/CMakeLists.txt">
          <Option virtualFolder="CMake Files\dcontrp\" />
      </Unit>
      <Unit filename="D:/repos/nnacs/dcontrp/CMakeLists.txt">
          <Option virtualFolder="CMake Files\dcontrp\" />
      </Unit>
      <Unit filename="D:/repos/nnacs/dcontrf/CMakeLists.txt">
          <Option virtualFolder="CMake Files\dcontrf\" />
      </Unit>
      <Unit filename="D:/repos/nnacs/dcontrf/CMakeLists.txt">
          <Option virtualFolder="CMake Files\dcontrf\" />
      </Unit>
      <Unit filename="D:/repos/nnacs/noc_labs/CMakeLists.txt">
          <Option virtualFolder="CMake Files\noc_labs\" />
      </Unit>
      <Unit filename="D:/repos/nnacs/noc_labs/CMakeLists.txt">
          <Option virtualFolder="CMake Files\noc_labs\" />
      </Unit>
   </Project>
</CodeBlocks_project_file>
