<?xml version="1.0" encoding="UTF-8" standalone="yes" ?>
<CodeBlocks_project_file>
   <FileVersion major="1" minor="6" />
   <Project>
      <Option title="NeuArch" />
      <Option makefile_is_custom="1" />
      <Option compiler="gcc" />
      <Option virtualFolders="CMake Files\;CMake Files\Matrix.041\;CMake Files\NeuArch\;CMake Files\NaTools\;CMake Files\dtools\;CMake Files\dcsloop\;CMake Files\dplantid\;CMake Files\dcontrp\;CMake Files\dcontrf\;CMake Files\noc_labs\;" />
      <Build>
      <Target title="all">
         <Option working_dir="D:/repos/nnacs/NeuArch" />
         <Option type="4" />
         <MakeCommands>
            <Build command="C:/PROGRA~1/CODEBL~1/MinGW/bin/mingw32-make.exe -f &quot;D:/repos/nnacs/NeuArch/Makefile&quot;  VERBOSE=1 all" />
            <CompileFile command="C:/PROGRA~1/CODEBL~1/MinGW/bin/mingw32-make.exe -f &quot;D:/repos/nnacs/NeuArch/Makefile&quot;  VERBOSE=1 &quot;$file&quot;" />
            <Clean command="C:/PROGRA~1/CODEBL~1/MinGW/bin/mingw32-make.exe -f &quot;D:/repos/nnacs/NeuArch/Makefile&quot;  VERBOSE=1 clean" />
            <DistClean command="C:/PROGRA~1/CODEBL~1/MinGW/bin/mingw32-make.exe -f &quot;D:/repos/nnacs/NeuArch/Makefile&quot;  VERBOSE=1 clean" />
         </MakeCommands>
      </Target>
      <Target title="pnna">
         <Option output="D:/repos/nnacs/NeuArch/libpnna.a" prefix_auto="0" extension_auto="0" />
         <Option working_dir="D:/repos/nnacs/NeuArch" />
         <Option object_output="./" />
         <Option type="2" />
         <Option compiler="gcc" />
         <Compiler>
            <Add directory="D:/repos/nnacs/NeuArch/." />
            <Add directory="D:/repos/nnacs/NeuArch/../Matrix.041" />
            <Add directory="c:\program files\codeblocks\mingw\bin\../lib/gcc/mingw32/4.7.1/../../../../include" />
            <Add directory="c:\program files\codeblocks\mingw\bin\../lib/gcc/mingw32/4.7.1/include" />
            <Add directory="c:\program files\codeblocks\mingw\bin\../lib/gcc/mingw32/4.7.1/include-fixed" />
            <Add directory="c:\program files\codeblocks\mingw\bin\../lib/gcc/mingw32/4.7.1/include/c++" />
            <Add directory="c:\program files\codeblocks\mingw\bin\../lib/gcc/mingw32/4.7.1/include/c++/backward" />
            <Add directory="c:\program files\codeblocks\mingw\bin\../lib/gcc/mingw32/4.7.1/include/c++/mingw32" />
         </Compiler>
         <MakeCommands>
            <Build command="C:/PROGRA~1/CODEBL~1/MinGW/bin/mingw32-make.exe -f &quot;D:/repos/nnacs/NeuArch/Makefile&quot;  VERBOSE=1 pnna" />
            <CompileFile command="C:/PROGRA~1/CODEBL~1/MinGW/bin/mingw32-make.exe -f &quot;D:/repos/nnacs/NeuArch/Makefile&quot;  VERBOSE=1 &quot;$file&quot;" />
            <Clean command="C:/PROGRA~1/CODEBL~1/MinGW/bin/mingw32-make.exe -f &quot;D:/repos/nnacs/NeuArch/Makefile&quot;  VERBOSE=1 clean" />
            <DistClean command="C:/PROGRA~1/CODEBL~1/MinGW/bin/mingw32-make.exe -f &quot;D:/repos/nnacs/NeuArch/Makefile&quot;  VERBOSE=1 clean" />
         </MakeCommands>
      </Target>
      <Target title="pnna/fast">
         <Option output="D:/repos/nnacs/NeuArch/libpnna.a" prefix_auto="0" extension_auto="0" />
         <Option working_dir="D:/repos/nnacs/NeuArch" />
         <Option object_output="./" />
         <Option type="2" />
         <Option compiler="gcc" />
         <Compiler>
            <Add directory="D:/repos/nnacs/NeuArch/." />
            <Add directory="D:/repos/nnacs/NeuArch/../Matrix.041" />
            <Add directory="c:\program files\codeblocks\mingw\bin\../lib/gcc/mingw32/4.7.1/../../../../include" />
            <Add directory="c:\program files\codeblocks\mingw\bin\../lib/gcc/mingw32/4.7.1/include" />
            <Add directory="c:\program files\codeblocks\mingw\bin\../lib/gcc/mingw32/4.7.1/include-fixed" />
            <Add directory="c:\program files\codeblocks\mingw\bin\../lib/gcc/mingw32/4.7.1/include/c++" />
            <Add directory="c:\program files\codeblocks\mingw\bin\../lib/gcc/mingw32/4.7.1/include/c++/backward" />
            <Add directory="c:\program files\codeblocks\mingw\bin\../lib/gcc/mingw32/4.7.1/include/c++/mingw32" />
         </Compiler>
         <MakeCommands>
            <Build command="C:/PROGRA~1/CODEBL~1/MinGW/bin/mingw32-make.exe -f &quot;D:/repos/nnacs/NeuArch/Makefile&quot;  VERBOSE=1 pnna/fast" />
            <CompileFile command="C:/PROGRA~1/CODEBL~1/MinGW/bin/mingw32-make.exe -f &quot;D:/repos/nnacs/NeuArch/Makefile&quot;  VERBOSE=1 &quot;$file&quot;" />
            <Clean command="C:/PROGRA~1/CODEBL~1/MinGW/bin/mingw32-make.exe -f &quot;D:/repos/nnacs/NeuArch/Makefile&quot;  VERBOSE=1 clean" />
            <DistClean command="C:/PROGRA~1/CODEBL~1/MinGW/bin/mingw32-make.exe -f &quot;D:/repos/nnacs/NeuArch/Makefile&quot;  VERBOSE=1 clean" />
         </MakeCommands>
      </Target>
      <Target title="test_vsscanf">
         <Option output="D:/repos/nnacs/NeuArch/test_vsscanf.exe" prefix_auto="0" extension_auto="0" />
         <Option working_dir="D:/repos/nnacs/NeuArch" />
         <Option object_output="./" />
         <Option type="1" />
         <Option compiler="gcc" />
         <Compiler>
            <Add directory="D:/repos/nnacs/NeuArch/." />
            <Add directory="D:/repos/nnacs/NeuArch/../Matrix.041" />
            <Add directory="c:\program files\codeblocks\mingw\bin\../lib/gcc/mingw32/4.7.1/../../../../include" />
            <Add directory="c:\program files\codeblocks\mingw\bin\../lib/gcc/mingw32/4.7.1/include" />
            <Add directory="c:\program files\codeblocks\mingw\bin\../lib/gcc/mingw32/4.7.1/include-fixed" />
            <Add directory="c:\program files\codeblocks\mingw\bin\../lib/gcc/mingw32/4.7.1/include/c++" />
            <Add directory="c:\program files\codeblocks\mingw\bin\../lib/gcc/mingw32/4.7.1/include/c++/backward" />
            <Add directory="c:\program files\codeblocks\mingw\bin\../lib/gcc/mingw32/4.7.1/include/c++/mingw32" />
         </Compiler>
         <MakeCommands>
            <Build command="C:/PROGRA~1/CODEBL~1/MinGW/bin/mingw32-make.exe -f &quot;D:/repos/nnacs/NeuArch/Makefile&quot;  VERBOSE=1 test_vsscanf" />
            <CompileFile command="C:/PROGRA~1/CODEBL~1/MinGW/bin/mingw32-make.exe -f &quot;D:/repos/nnacs/NeuArch/Makefile&quot;  VERBOSE=1 &quot;$file&quot;" />
            <Clean command="C:/PROGRA~1/CODEBL~1/MinGW/bin/mingw32-make.exe -f &quot;D:/repos/nnacs/NeuArch/Makefile&quot;  VERBOSE=1 clean" />
            <DistClean command="C:/PROGRA~1/CODEBL~1/MinGW/bin/mingw32-make.exe -f &quot;D:/repos/nnacs/NeuArch/Makefile&quot;  VERBOSE=1 clean" />
         </MakeCommands>
      </Target>
      <Target title="test_vsscanf/fast">
         <Option output="D:/repos/nnacs/NeuArch/test_vsscanf.exe" prefix_auto="0" extension_auto="0" />
         <Option working_dir="D:/repos/nnacs/NeuArch" />
         <Option object_output="./" />
         <Option type="1" />
         <Option compiler="gcc" />
         <Compiler>
            <Add directory="D:/repos/nnacs/NeuArch/." />
            <Add directory="D:/repos/nnacs/NeuArch/../Matrix.041" />
            <Add directory="c:\program files\codeblocks\mingw\bin\../lib/gcc/mingw32/4.7.1/../../../../include" />
            <Add directory="c:\program files\codeblocks\mingw\bin\../lib/gcc/mingw32/4.7.1/include" />
            <Add directory="c:\program files\codeblocks\mingw\bin\../lib/gcc/mingw32/4.7.1/include-fixed" />
            <Add directory="c:\program files\codeblocks\mingw\bin\../lib/gcc/mingw32/4.7.1/include/c++" />
            <Add directory="c:\program files\codeblocks\mingw\bin\../lib/gcc/mingw32/4.7.1/include/c++/backward" />
            <Add directory="c:\program files\codeblocks\mingw\bin\../lib/gcc/mingw32/4.7.1/include/c++/mingw32" />
         </Compiler>
         <MakeCommands>
            <Build command="C:/PROGRA~1/CODEBL~1/MinGW/bin/mingw32-make.exe -f &quot;D:/repos/nnacs/NeuArch/Makefile&quot;  VERBOSE=1 test_vsscanf/fast" />
            <CompileFile command="C:/PROGRA~1/CODEBL~1/MinGW/bin/mingw32-make.exe -f &quot;D:/repos/nnacs/NeuArch/Makefile&quot;  VERBOSE=1 &quot;$file&quot;" />
            <Clean command="C:/PROGRA~1/CODEBL~1/MinGW/bin/mingw32-make.exe -f &quot;D:/repos/nnacs/NeuArch/Makefile&quot;  VERBOSE=1 clean" />
            <DistClean command="C:/PROGRA~1/CODEBL~1/MinGW/bin/mingw32-make.exe -f &quot;D:/repos/nnacs/NeuArch/Makefile&quot;  VERBOSE=1 clean" />
         </MakeCommands>
      </Target>
      </Build>
      <Unit filename="D:/repos/nnacs/NeuArch/NaBinrIO.cpp">
      </Unit>
      <Unit filename="D:/repos/nnacs/NeuArch/NaCoFunc.cpp">
      </Unit>
      <Unit filename="D:/repos/nnacs/NeuArch/NaConLaw.cpp">
      </Unit>
      <Unit filename="D:/repos/nnacs/NeuArch/NaConfig.cpp">
      </Unit>
      <Unit filename="D:/repos/nnacs/NeuArch/NaCuFunc.cpp">
      </Unit>
      <Unit filename="D:/repos/nnacs/NeuArch/NaDDir.cpp">
      </Unit>
      <Unit filename="D:/repos/nnacs/NeuArch/NaDataIO.cpp">
      </Unit>
      <Unit filename="D:/repos/nnacs/NeuArch/NaDynAr.cpp">
      </Unit>
      <Unit filename="D:/repos/nnacs/NeuArch/NaExFunc.cpp">
      </Unit>
      <Unit filename="D:/repos/nnacs/NeuArch/NaExcept.cpp">
      </Unit>
      <Unit filename="D:/repos/nnacs/NeuArch/NaInfoSt.cpp">
      </Unit>
      <Unit filename="D:/repos/nnacs/NeuArch/NaInvPnd.cpp">
      </Unit>
      <Unit filename="D:/repos/nnacs/NeuArch/NaLiNois.cpp">
      </Unit>
      <Unit filename="D:/repos/nnacs/NeuArch/NaLinCon.cpp">
      </Unit>
      <Unit filename="D:/repos/nnacs/NeuArch/NaLogFil.cpp">
      </Unit>
      <Unit filename="D:/repos/nnacs/NeuArch/NaMath.cpp">
      </Unit>
      <Unit filename="D:/repos/nnacs/NeuArch/NaMatrix.cpp">
      </Unit>
      <Unit filename="D:/repos/nnacs/NeuArch/NaNDescr.cpp">
      </Unit>
      <Unit filename="D:/repos/nnacs/NeuArch/NaNNCon.cpp">
      </Unit>
      <Unit filename="D:/repos/nnacs/NeuArch/NaNNLrn.cpp">
      </Unit>
      <Unit filename="D:/repos/nnacs/NeuArch/NaNNPObj.cpp">
      </Unit>
      <Unit filename="D:/repos/nnacs/NeuArch/NaNNUnit.cpp">
      </Unit>
      <Unit filename="D:/repos/nnacs/NeuArch/NaPCnInp.cpp">
      </Unit>
      <Unit filename="D:/repos/nnacs/NeuArch/NaPCnOut.cpp">
      </Unit>
      <Unit filename="D:/repos/nnacs/NeuArch/NaPID.cpp">
      </Unit>
      <Unit filename="D:/repos/nnacs/NeuArch/NaPNAct.cpp">
      </Unit>
      <Unit filename="D:/repos/nnacs/NeuArch/NaPNBu12.cpp">
      </Unit>
      <Unit filename="D:/repos/nnacs/NeuArch/NaPNBu21.cpp">
      </Unit>
      <Unit filename="D:/repos/nnacs/NeuArch/NaPNChPt.cpp">
      </Unit>
      <Unit filename="D:/repos/nnacs/NeuArch/NaPNCmp.cpp">
      </Unit>
      <Unit filename="D:/repos/nnacs/NeuArch/NaPNCnst.cpp">
      </Unit>
      <Unit filename="D:/repos/nnacs/NeuArch/NaPNCuSu.cpp">
      </Unit>
      <Unit filename="D:/repos/nnacs/NeuArch/NaPNDely.cpp">
      </Unit>
      <Unit filename="D:/repos/nnacs/NeuArch/NaPNDerv.cpp">
      </Unit>
      <Unit filename="D:/repos/nnacs/NeuArch/NaPNFIn.cpp">
      </Unit>
      <Unit filename="D:/repos/nnacs/NeuArch/NaPNFOut.cpp">
      </Unit>
      <Unit filename="D:/repos/nnacs/NeuArch/NaPNFetc.cpp">
      </Unit>
      <Unit filename="D:/repos/nnacs/NeuArch/NaPNFill.cpp">
      </Unit>
      <Unit filename="D:/repos/nnacs/NeuArch/NaPNGen.cpp">
      </Unit>
      <Unit filename="D:/repos/nnacs/NeuArch/NaPNKalm.cpp">
      </Unit>
      <Unit filename="D:/repos/nnacs/NeuArch/NaPNLAnd.cpp">
      </Unit>
      <Unit filename="D:/repos/nnacs/NeuArch/NaPNNNCo.cpp">
      </Unit>
      <Unit filename="D:/repos/nnacs/NeuArch/NaPNNNUn.cpp">
      </Unit>
      <Unit filename="D:/repos/nnacs/NeuArch/NaPNQIn.cpp">
      </Unit>
      <Unit filename="D:/repos/nnacs/NeuArch/NaPNQOut.cpp">
      </Unit>
      <Unit filename="D:/repos/nnacs/NeuArch/NaPNRand.cpp">
      </Unit>
      <Unit filename="D:/repos/nnacs/NeuArch/NaPNSkip.cpp">
      </Unit>
      <Unit filename="D:/repos/nnacs/NeuArch/NaPNStat.cpp">
      </Unit>
      <Unit filename="D:/repos/nnacs/NeuArch/NaPNSum.cpp">
      </Unit>
      <Unit filename="D:/repos/nnacs/NeuArch/NaPNSwap.cpp">
      </Unit>
      <Unit filename="D:/repos/nnacs/NeuArch/NaPNSwit.cpp">
      </Unit>
      <Unit filename="D:/repos/nnacs/NeuArch/NaPNTDG.cpp">
      </Unit>
      <Unit filename="D:/repos/nnacs/NeuArch/NaPNTchr.cpp">
      </Unit>
      <Unit filename="D:/repos/nnacs/NeuArch/NaPNTimD.cpp">
      </Unit>
      <Unit filename="D:/repos/nnacs/NeuArch/NaPNTime.cpp">
      </Unit>
      <Unit filename="D:/repos/nnacs/NeuArch/NaPNTran.cpp">
      </Unit>
      <Unit filename="D:/repos/nnacs/NeuArch/NaPNTrig.cpp">
      </Unit>
      <Unit filename="D:/repos/nnacs/NeuArch/NaPNWatc.cpp">
      </Unit>
      <Unit filename="D:/repos/nnacs/NeuArch/NaParams.cpp">
      </Unit>
      <Unit filename="D:/repos/nnacs/NeuArch/NaPetCn.cpp">
      </Unit>
      <Unit filename="D:/repos/nnacs/NeuArch/NaPetNet.cpp">
      </Unit>
      <Unit filename="D:/repos/nnacs/NeuArch/NaPetNod.cpp">
      </Unit>
      <Unit filename="D:/repos/nnacs/NeuArch/NaPetri.cpp">
      </Unit>
      <Unit filename="D:/repos/nnacs/NeuArch/NaPlotIO.cpp">
      </Unit>
      <Unit filename="D:/repos/nnacs/NeuArch/NaQProp.cpp">
      </Unit>
      <Unit filename="D:/repos/nnacs/NeuArch/NaRandom.cpp">
      </Unit>
      <Unit filename="D:/repos/nnacs/NeuArch/NaSSCtrl.cpp">
      </Unit>
      <Unit filename="D:/repos/nnacs/NeuArch/NaSSPlan.cpp">
      </Unit>
      <Unit filename="D:/repos/nnacs/NeuArch/NaStdBPE.cpp">
      </Unit>
      <Unit filename="D:/repos/nnacs/NeuArch/NaStrOps.cpp">
      </Unit>
      <Unit filename="D:/repos/nnacs/NeuArch/NaSysSch.cpp">
      </Unit>
      <Unit filename="D:/repos/nnacs/NeuArch/NaTextIO.cpp">
      </Unit>
      <Unit filename="D:/repos/nnacs/NeuArch/NaTimer.cpp">
      </Unit>
      <Unit filename="D:/repos/nnacs/NeuArch/NaTrFunc.cpp">
      </Unit>
      <Unit filename="D:/repos/nnacs/NeuArch/NaUnit.cpp">
      </Unit>
      <Unit filename="D:/repos/nnacs/NeuArch/NaVector.cpp">
      </Unit>
      <Unit filename="D:/repos/nnacs/NeuArch/NaWMR.cpp">
      </Unit>
      <Unit filename="D:/repos/nnacs/NeuArch/kbdif.cpp">
      </Unit>
      <Unit filename="D:/repos/nnacs/NeuArch/test_vsscanf.cpp">
      </Unit>
      <Unit filename="D:/repos/nnacs/NeuArch/vsscanf.win.c">
      </Unit>
      <Unit filename="D:/repos/nnacs/NeuArch/NaBinrIO.h">
      </Unit>
      <Unit filename="D:/repos/nnacs/NeuArch/NaCoFunc.h">
      </Unit>
      <Unit filename="D:/repos/nnacs/NeuArch/NaConLaw.h">
      </Unit>
      <Unit filename="D:/repos/nnacs/NeuArch/NaConfig.h">
      </Unit>
      <Unit filename="D:/repos/nnacs/NeuArch/NaCuFunc.h">
      </Unit>
      <Unit filename="D:/repos/nnacs/NeuArch/NaDDir.h">
      </Unit>
      <Unit filename="D:/repos/nnacs/NeuArch/NaDataIO.h">
      </Unit>
      <Unit filename="D:/repos/nnacs/NeuArch/NaDynAr.h">
      </Unit>
      <Unit filename="D:/repos/nnacs/NeuArch/NaExFunc.h">
      </Unit>
      <Unit filename="D:/repos/nnacs/NeuArch/NaExcept.h">
      </Unit>
      <Unit filename="D:/repos/nnacs/NeuArch/NaInfoSt.h">
      </Unit>
      <Unit filename="D:/repos/nnacs/NeuArch/NaInvPnd.h">
      </Unit>
      <Unit filename="D:/repos/nnacs/NeuArch/NaLiNois.h">
      </Unit>
      <Unit filename="D:/repos/nnacs/NeuArch/NaLinCon.h">
      </Unit>
      <Unit filename="D:/repos/nnacs/NeuArch/NaLogFil.h">
      </Unit>
      <Unit filename="D:/repos/nnacs/NeuArch/NaMath.h">
      </Unit>
      <Unit filename="D:/repos/nnacs/NeuArch/NaMatrix.h">
      </Unit>
      <Unit filename="D:/repos/nnacs/NeuArch/NaNDescr.h">
      </Unit>
      <Unit filename="D:/repos/nnacs/NeuArch/NaNNCon.h">
      </Unit>
      <Unit filename="D:/repos/nnacs/NeuArch/NaNNLrn.h">
      </Unit>
      <Unit filename="D:/repos/nnacs/NeuArch/NaNNPObj.h">
      </Unit>
      <Unit filename="D:/repos/nnacs/NeuArch/NaNNUnit.h">
      </Unit>
      <Unit filename="D:/repos/nnacs/NeuArch/NaPCnInp.h">
      </Unit>
      <Unit filename="D:/repos/nnacs/NeuArch/NaPCnOut.h">
      </Unit>
      <Unit filename="D:/repos/nnacs/NeuArch/NaPID.h">
      </Unit>
      <Unit filename="D:/repos/nnacs/NeuArch/NaPNAct.h">
      </Unit>
      <Unit filename="D:/repos/nnacs/NeuArch/NaPNBu12.h">
      </Unit>
      <Unit filename="D:/repos/nnacs/NeuArch/NaPNBu21.h">
      </Unit>
      <Unit filename="D:/repos/nnacs/NeuArch/NaPNChPt.h">
      </Unit>
      <Unit filename="D:/repos/nnacs/NeuArch/NaPNCmp.h">
      </Unit>
      <Unit filename="D:/repos/nnacs/NeuArch/NaPNCnst.h">
      </Unit>
      <Unit filename="D:/repos/nnacs/NeuArch/NaPNCuSu.h">
      </Unit>
      <Unit filename="D:/repos/nnacs/NeuArch/NaPNDely.h">
      </Unit>
      <Unit filename="D:/repos/nnacs/NeuArch/NaPNDerv.h">
      </Unit>
      <Unit filename="D:/repos/nnacs/NeuArch/NaPNFIn.h">
      </Unit>
      <Unit filename="D:/repos/nnacs/NeuArch/NaPNFOut.h">
      </Unit>
      <Unit filename="D:/repos/nnacs/NeuArch/NaPNFetc.h">
      </Unit>
      <Unit filename="D:/repos/nnacs/NeuArch/NaPNFill.h">
      </Unit>
      <Unit filename="D:/repos/nnacs/NeuArch/NaPNGen.h">
      </Unit>
      <Unit filename="D:/repos/nnacs/NeuArch/NaPNKalm.h">
      </Unit>
      <Unit filename="D:/repos/nnacs/NeuArch/NaPNLAnd.h">
      </Unit>
      <Unit filename="D:/repos/nnacs/NeuArch/NaPNNNCo.h">
      </Unit>
      <Unit filename="D:/repos/nnacs/NeuArch/NaPNNNUn.h">
      </Unit>
      <Unit filename="D:/repos/nnacs/NeuArch/NaPNQIn.h">
      </Unit>
      <Unit filename="D:/repos/nnacs/NeuArch/NaPNQOut.h">
      </Unit>
      <Unit filename="D:/repos/nnacs/NeuArch/NaPNRand.h">
      </Unit>
      <Unit filename="D:/repos/nnacs/NeuArch/NaPNSkip.h">
      </Unit>
      <Unit filename="D:/repos/nnacs/NeuArch/NaPNStat.h">
      </Unit>
      <Unit filename="D:/repos/nnacs/NeuArch/NaPNSum.h">
      </Unit>
      <Unit filename="D:/repos/nnacs/NeuArch/NaPNSwap.h">
      </Unit>
      <Unit filename="D:/repos/nnacs/NeuArch/NaPNSwit.h">
      </Unit>
      <Unit filename="D:/repos/nnacs/NeuArch/NaPNTDG.h">
      </Unit>
      <Unit filename="D:/repos/nnacs/NeuArch/NaPNTchr.h">
      </Unit>
      <Unit filename="D:/repos/nnacs/NeuArch/NaPNTimD.h">
      </Unit>
      <Unit filename="D:/repos/nnacs/NeuArch/NaPNTime.h">
      </Unit>
      <Unit filename="D:/repos/nnacs/NeuArch/NaPNTran.h">
      </Unit>
      <Unit filename="D:/repos/nnacs/NeuArch/NaPNTrig.h">
      </Unit>
      <Unit filename="D:/repos/nnacs/NeuArch/NaPNWatc.h">
      </Unit>
      <Unit filename="D:/repos/nnacs/NeuArch/NaParams.h">
      </Unit>
      <Unit filename="D:/repos/nnacs/NeuArch/NaPetCn.h">
      </Unit>
      <Unit filename="D:/repos/nnacs/NeuArch/NaPetNet.h">
      </Unit>
      <Unit filename="D:/repos/nnacs/NeuArch/NaPetNod.h">
      </Unit>
      <Unit filename="D:/repos/nnacs/NeuArch/NaPetri.h">
      </Unit>
      <Unit filename="D:/repos/nnacs/NeuArch/NaPlotIO.h">
      </Unit>
      <Unit filename="D:/repos/nnacs/NeuArch/NaQProp.h">
      </Unit>
      <Unit filename="D:/repos/nnacs/NeuArch/NaRandom.h">
      </Unit>
      <Unit filename="D:/repos/nnacs/NeuArch/NaSSCtrl.h">
      </Unit>
      <Unit filename="D:/repos/nnacs/NeuArch/NaSSPlan.h">
      </Unit>
      <Unit filename="D:/repos/nnacs/NeuArch/NaStdBPE.h">
      </Unit>
      <Unit filename="D:/repos/nnacs/NeuArch/NaStrOps.h">
      </Unit>
      <Unit filename="D:/repos/nnacs/NeuArch/NaSysSch.h">
      </Unit>
      <Unit filename="D:/repos/nnacs/NeuArch/NaTextIO.h">
      </Unit>
      <Unit filename="D:/repos/nnacs/NeuArch/NaTimer.h">
      </Unit>
      <Unit filename="D:/repos/nnacs/NeuArch/NaTrFunc.h">
      </Unit>
      <Unit filename="D:/repos/nnacs/NeuArch/NaUnit.h">
      </Unit>
      <Unit filename="D:/repos/nnacs/NeuArch/NaVector.h">
      </Unit>
      <Unit filename="D:/repos/nnacs/NeuArch/NaWMR.h">
      </Unit>
      <Unit filename="D:/repos/nnacs/NeuArch/kbdif.h">
      </Unit>
      <Unit filename="D:/repos/nnacs/CMakeLists.txt">
          <Option virtualFolder="CMake Files\" />
      </Unit>
      <Unit filename="D:/repos/nnacs/Matrix.041/CMakeLists.txt">
          <Option virtualFolder="CMake Files\Matrix.041\" />
      </Unit>
      <Unit filename="D:/repos/nnacs/Matrix.041/CMakeLists.txt">
          <Option virtualFolder="CMake Files\Matrix.041\" />
      </Unit>
      <Unit filename="D:/repos/nnacs/NeuArch/CMakeLists.txt">
          <Option virtualFolder="CMake Files\NeuArch\" />
      </Unit>
      <Unit filename="D:/repos/nnacs/NeuArch/CMakeLists.txt">
          <Option virtualFolder="CMake Files\NeuArch\" />
      </Unit>
      <Unit filename="D:/repos/nnacs/NaTools/CMakeLists.txt">
          <Option virtualFolder="CMake Files\NaTools\" />
      </Unit>
      <Unit filename="D:/repos/nnacs/NaTools/CMakeLists.txt">
          <Option virtualFolder="CMake Files\NaTools\" />
      </Unit>
      <Unit filename="D:/repos/nnacs/dtools/CMakeLists.txt">
          <Option virtualFolder="CMake Files\dtools\" />
      </Unit>
      <Unit filename="D:/repos/nnacs/dtools/CMakeLists.txt">
          <Option virtualFolder="CMake Files\dtools\" />
      </Unit>
      <Unit filename="D:/repos/nnacs/dcsloop/CMakeLists.txt">
          <Option virtualFolder="CMake Files\dcsloop\" />
      </Unit>
      <Unit filename="D:/repos/nnacs/dcsloop/CMakeLists.txt">
          <Option virtualFolder="CMake Files\dcsloop\" />
      </Unit>
      <Unit filename="D:/repos/nnacs/dplantid/CMakeLists.txt">
          <Option virtualFolder="CMake Files\dplantid\" />
      </Unit>
      <Unit filename="D:/repos/nnacs/dplantid/CMakeLists.txt">
          <Option virtualFolder="CMake Files\dplantid\" />
      </Unit>
      <Unit filename="D:/repos/nnacs/dcontrp/CMakeLists.txt">
          <Option virtualFolder="CMake Files\dcontrp\" />
      </Unit>
      <Unit filename="D:/repos/nnacs/dcontrp/CMakeLists.txt">
          <Option virtualFolder="CMake Files\dcontrp\" />
      </Unit>
      <Unit filename="D:/repos/nnacs/dcontrf/CMakeLists.txt">
          <Option virtualFolder="CMake Files\dcontrf\" />
      </Unit>
      <Unit filename="D:/repos/nnacs/dcontrf/CMakeLists.txt">
          <Option virtualFolder="CMake Files\dcontrf\" />
      </Unit>
      <Unit filename="D:/repos/nnacs/noc_labs/CMakeLists.txt">
          <Option virtualFolder="CMake Files\noc_labs\" />
      </Unit>
      <Unit filename="D:/repos/nnacs/noc_labs/CMakeLists.txt">
          <Option virtualFolder="CMake Files\noc_labs\" />
      </Unit>
   </Project>
</CodeBlocks_project_file>
